{
  "name": "pareto-fs",
  "version": "0.3.0",
  "lockfileVersion": 1,
  "requires": true,
  "dependencies": {
    "@types/node": {
      "version": "12.12.3",
      "resolved": "https://registry.npmjs.org/@types/node/-/node-12.12.3.tgz",
      "integrity": "sha512-opgSsy+cEF9N8MgaVPnWVtdJ3o4mV2aMHvDq7thkQUFt0EuOHJon4rQpJfhjmNHB+ikl0Cd6WhWIErOyQ+f7tw=="
    },
    "pareto": {
      "version": "0.21.1",
      "resolved": "https://registry.npmjs.org/pareto/-/pareto-0.21.1.tgz",
      "integrity": "sha512-j4oIYoVkYeKu0V8P0zLNVYjAdNGCwOe0cZRd314o+Y60VYbHKP7eAIP/tDM9SFbYdQbKKxXyO3Yac6uqcliRUg==",
      "requires": {
        "pareto-api": "^0.9.0"
      }
    },
    "pareto-api": {
      "version": "0.9.0",
      "resolved": "https://registry.npmjs.org/pareto-api/-/pareto-api-0.9.0.tgz",
      "integrity": "sha512-Gvh7B2MTeNugjcM0lKYmTLrYxWBvt01mmFsE0hYaFhVq8q45rhG3C0xdZ/mPZKn2eey/XbcWS0VJQbOMibz0ug=="
    },
    "steroid-template-utils": {
      "version": "0.2.0",
      "resolved": "https://registry.npmjs.org/steroid-template-utils/-/steroid-template-utils-0.2.0.tgz",
      "integrity": "sha512-tFQ1zX54T0+//w/LLrWun2NMI/D5jtghQLye1BVidAJod2PHwRJD1FY1nRvT6w1rTLfeXSHmkmXG5coQVhYVig==",
      "dev": true
    }
  }
}
