{
  "name": "pareto-fs",
  "version": "0.3.3",
  "lockfileVersion": 1,
  "requires": true,
  "dependencies": {
    "@types/node": {
      "version": "12.12.7",
      "resolved": "https://registry.npmjs.org/@types/node/-/node-12.12.7.tgz",
      "integrity": "sha512-E6Zn0rffhgd130zbCbAr/JdXfXkoOUFAKNs/rF8qnafSJ8KYaA/j3oz7dcwal+lYjLA7xvdd5J4wdYpCTlP8+w=="
    },
    "lingua-franca": {
      "version": "0.2.0",
      "resolved": "https://registry.npmjs.org/lingua-franca/-/lingua-franca-0.2.0.tgz",
      "integrity": "sha512-Ihtp/Xpiztt97TwGRSZju/leJ6HuspHWiVDsi1j1DFSXHx7IFaDltAIoM5kh3cTpAY9in8uiuyzXCrs47Sk/XA==",
      "dev": true
    },
    "lingua-franca-building": {
      "version": "0.2.0",
      "resolved": "https://registry.npmjs.org/lingua-franca-building/-/lingua-franca-building-0.2.0.tgz",
      "integrity": "sha512-pMhpCkmpla60NkIv9uyuJqHJMR3XyMDlbENTpZ9BcM7AkU8qAQcjKPbIXDDnhNk1ASLIuC3JGqgDg7elLgEpew==",
      "dev": true,
      "requires": {
        "lingua-franca": "^0.2.0"
      }
    },
    "pareto": {
      "version": "0.26.0",
      "resolved": "https://registry.npmjs.org/pareto/-/pareto-0.26.0.tgz",
      "integrity": "sha512-+dHhY+vFCft6t40K30YVLkZ0moYNanIwtQpyLQalj6nDh8DOgSLepuXTblm5k+vp7yHePkgu9KZADCfp7jSDOg==",
      "requires": {
        "pareto-api": "^0.11.0"
      }
    },
    "pareto-20": {
      "version": "0.0.2",
      "resolved": "https://registry.npmjs.org/pareto-20/-/pareto-20-0.0.2.tgz",
      "integrity": "sha512-U4B/sfQvL6EIMhgUiiBgSvCMxfm/q9+TANdmHfKrmrjDOt9KSwukrJdHdUDNw6PfWTpfLOGcBCILt5NTSttIYQ==",
      "requires": {
        "pareto": "^0.26.0"
      }
    },
    "pareto-api": {
      "version": "0.11.0",
      "resolved": "https://registry.npmjs.org/pareto-api/-/pareto-api-0.11.0.tgz",
      "integrity": "sha512-BV2aA8682Z4ol95CU7BtGyvGzwwzf/vz0nwRcG4DLTibfs1CZeUZY6ZvwUu2LYoJQXqP6x1YqFhu+UkAUkgIVQ=="
    },
    "steroid-template-utils": {
      "version": "0.6.0",
      "resolved": "https://registry.npmjs.org/steroid-template-utils/-/steroid-template-utils-0.6.0.tgz",
      "integrity": "sha512-SWX+72FGuvJNvGz8TZ1EDPCvkSbOwDNr+xEcoTRC7Q/YwyUMr9iOnUxHhZoAQ84UTOr8sAz3h/46BoY3BeImtg==",
      "dev": true
    }
  }
}
